
Microsoft Visual Studio Solution File, Format Version 12.00
# Visual Studio Version 16
VisualStudioVersion = 16.0.30611.23
MinimumVisualStudioVersion = 10.0.40219.1
Project("{9A19103F-16F7-4668-BE54-9A1E7A4F7556}") = "Genetic Algorithm", "Genetic Algorithm\Genetic Algorithm.csproj", "{5EB3A0BA-2C26-464D-8BB9-C1EE7BB5D61F}"
EndProject
Global
	GlobalSection(SolutionConfigurationPlatforms) = preSolution
		Debug|Any CPU = Debug|Any CPU
		Debug|x64 = Debug|x64
		Genetic_Algorithm|Any CPU = Genetic_Algorithm|Any CPU
		Genetic_Algorithm|x64 = Genetic_Algorithm|x64
		Release|Any CPU = Release|Any CPU
		Release|x64 = Release|x64
	EndGlobalSection
	GlobalSection(ProjectConfigurationPlatforms) = postSolution
		{5EB3A0BA-2C26-464D-8BB9-C1EE7BB5D61F}.Debug|Any CPU.ActiveCfg = Debug|Any CPU
		{5EB3A0BA-2C26-464D-8BB9-C1EE7BB5D61F}.Debug|Any CPU.Build.0 = Debug|Any CPU
		{5EB3A0BA-2C26-464D-8BB9-C1EE7BB5D61F}.Debug|x64.ActiveCfg = Debug|x64
		{5EB3A0BA-2C26-464D-8BB9-C1EE7BB5D61F}.Debug|x64.Build.0 = Debug|x64
		{5EB3A0BA-2C26-464D-8BB9-C1EE7BB5D61F}.Genetic_Algorithm|Any CPU.ActiveCfg = Genetic_Algorithm|Any CPU
		{5EB3A0BA-2C26-464D-8BB9-C1EE7BB5D61F}.Genetic_Algorithm|Any CPU.Build.0 = Genetic_Algorithm|Any CPU
		{5EB3A0BA-2C26-464D-8BB9-C1EE7BB5D61F}.Genetic_Algorithm|x64.ActiveCfg = Genetic_Algorithm|x64
		{5EB3A0BA-2C26-464D-8BB9-C1EE7BB5D61F}.Genetic_Algorithm|x64.Build.0 = Genetic_Algorithm|x64
		{5EB3A0BA-2C26-464D-8BB9-C1EE7BB5D61F}.Release|Any CPU.ActiveCfg = Release|Any CPU
		{5EB3A0BA-2C26-464D-8BB9-C1EE7BB5D61F}.Release|Any CPU.Build.0 = Release|Any CPU
		{5EB3A0BA-2C26-464D-8BB9-C1EE7BB5D61F}.Release|x64.ActiveCfg = Release|x64
		{5EB3A0BA-2C26-464D-8BB9-C1EE7BB5D61F}.Release|x64.Build.0 = Release|x64
	EndGlobalSection
	GlobalSection(SolutionProperties) = preSolution
		HideSolutionNode = FALSE
	EndGlobalSection
	GlobalSection(ExtensibilityGlobals) = postSolution
		SolutionGuid = {0F32615C-8A3E-4702-BB0A-9DBE36413015}
	EndGlobalSection
EndGlobal
